
Microsoft Visual Studio Solution File, Format Version 12.00
# Visual Studio Version 16
VisualStudioVersion = 16.0.29324.140
MinimumVisualStudioVersion = 15.0.26124.0
Project("{FAE04EC0-301F-11D3-BF4B-00C04F79EFBC}") = "checkout-kata.Data", "checkout-kata.Data\checkout-kata.Data.csproj", "{EDA6CB6A-FB95-478A-A699-6EC41BC8081B}"
EndProject
Project("{FAE04EC0-301F-11D3-BF4B-00C04F79EFBC}") = "checkout-kata.Core", "checkout-kata.Core\checkout-kata.Core.csproj", "{AACB7B9F-1666-4391-8026-CD66052097ED}"
EndProject
Project("{FAE04EC0-301F-11D3-BF4B-00C04F79EFBC}") = "checkout-data.Console", "checkout-data.Console\checkout-data.Console.csproj", "{13975D93-6581-470A-A174-7D5BEF6F937E}"
EndProject
Project("{FAE04EC0-301F-11D3-BF4B-00C04F79EFBC}") = "checkout-kata.Tests", "checkout-kata.Tests\checkout-kata.Tests.csproj", "{2A3CFC41-F3E8-4C47-B4E6-8DEE025DB5E3}"
EndProject
Global
	GlobalSection(SolutionConfigurationPlatforms) = preSolution
		Debug|Any CPU = Debug|Any CPU
		Debug|x64 = Debug|x64
		Debug|x86 = Debug|x86
		Release|Any CPU = Release|Any CPU
		Release|x64 = Release|x64
		Release|x86 = Release|x86
	EndGlobalSection
	GlobalSection(ProjectConfigurationPlatforms) = postSolution
		{EDA6CB6A-FB95-478A-A699-6EC41BC8081B}.Debug|Any CPU.ActiveCfg = Debug|Any CPU
		{EDA6CB6A-FB95-478A-A699-6EC41BC8081B}.Debug|Any CPU.Build.0 = Debug|Any CPU
		{EDA6CB6A-FB95-478A-A699-6EC41BC8081B}.Debug|x64.ActiveCfg = Debug|Any CPU
		{EDA6CB6A-FB95-478A-A699-6EC41BC8081B}.Debug|x64.Build.0 = Debug|Any CPU
		{EDA6CB6A-FB95-478A-A699-6EC41BC8081B}.Debug|x86.ActiveCfg = Debug|Any CPU
		{EDA6CB6A-FB95-478A-A699-6EC41BC8081B}.Debug|x86.Build.0 = Debug|Any CPU
		{EDA6CB6A-FB95-478A-A699-6EC41BC8081B}.Release|Any CPU.ActiveCfg = Release|Any CPU
		{EDA6CB6A-FB95-478A-A699-6EC41BC8081B}.Release|Any CPU.Build.0 = Release|Any CPU
		{EDA6CB6A-FB95-478A-A699-6EC41BC8081B}.Release|x64.ActiveCfg = Release|Any CPU
		{EDA6CB6A-FB95-478A-A699-6EC41BC8081B}.Release|x64.Build.0 = Release|Any CPU
		{EDA6CB6A-FB95-478A-A699-6EC41BC8081B}.Release|x86.ActiveCfg = Release|Any CPU
		{EDA6CB6A-FB95-478A-A699-6EC41BC8081B}.Release|x86.Build.0 = Release|Any CPU
		{AACB7B9F-1666-4391-8026-CD66052097ED}.Debug|Any CPU.ActiveCfg = Debug|Any CPU
		{AACB7B9F-1666-4391-8026-CD66052097ED}.Debug|Any CPU.Build.0 = Debug|Any CPU
		{AACB7B9F-1666-4391-8026-CD66052097ED}.Debug|x64.ActiveCfg = Debug|Any CPU
		{AACB7B9F-1666-4391-8026-CD66052097ED}.Debug|x64.Build.0 = Debug|Any CPU
		{AACB7B9F-1666-4391-8026-CD66052097ED}.Debug|x86.ActiveCfg = Debug|Any CPU
		{AACB7B9F-1666-4391-8026-CD66052097ED}.Debug|x86.Build.0 = Debug|Any CPU
		{AACB7B9F-1666-4391-8026-CD66052097ED}.Release|Any CPU.ActiveCfg = Release|Any CPU
		{AACB7B9F-1666-4391-8026-CD66052097ED}.Release|Any CPU.Build.0 = Release|Any CPU
		{AACB7B9F-1666-4391-8026-CD66052097ED}.Release|x64.ActiveCfg = Release|Any CPU
		{AACB7B9F-1666-4391-8026-CD66052097ED}.Release|x64.Build.0 = Release|Any CPU
		{AACB7B9F-1666-4391-8026-CD66052097ED}.Release|x86.ActiveCfg = Release|Any CPU
		{AACB7B9F-1666-4391-8026-CD66052097ED}.Release|x86.Build.0 = Release|Any CPU
		{13975D93-6581-470A-A174-7D5BEF6F937E}.Debug|Any CPU.ActiveCfg = Debug|Any CPU
		{13975D93-6581-470A-A174-7D5BEF6F937E}.Debug|Any CPU.Build.0 = Debug|Any CPU
		{13975D93-6581-470A-A174-7D5BEF6F937E}.Debug|x64.ActiveCfg = Debug|Any CPU
		{13975D93-6581-470A-A174-7D5BEF6F937E}.Debug|x64.Build.0 = Debug|Any CPU
		{13975D93-6581-470A-A174-7D5BEF6F937E}.Debug|x86.ActiveCfg = Debug|Any CPU
		{13975D93-6581-470A-A174-7D5BEF6F937E}.Debug|x86.Build.0 = Debug|Any CPU
		{13975D93-6581-470A-A174-7D5BEF6F937E}.Release|Any CPU.ActiveCfg = Release|Any CPU
		{13975D93-6581-470A-A174-7D5BEF6F937E}.Release|Any CPU.Build.0 = Release|Any CPU
		{13975D93-6581-470A-A174-7D5BEF6F937E}.Release|x64.ActiveCfg = Release|Any CPU
		{13975D93-6581-470A-A174-7D5BEF6F937E}.Release|x64.Build.0 = Release|Any CPU
		{13975D93-6581-470A-A174-7D5BEF6F937E}.Release|x86.ActiveCfg = Release|Any CPU
		{13975D93-6581-470A-A174-7D5BEF6F937E}.Release|x86.Build.0 = Release|Any CPU
		{2A3CFC41-F3E8-4C47-B4E6-8DEE025DB5E3}.Debug|Any CPU.ActiveCfg = Debug|Any CPU
		{2A3CFC41-F3E8-4C47-B4E6-8DEE025DB5E3}.Debug|Any CPU.Build.0 = Debug|Any CPU
		{2A3CFC41-F3E8-4C47-B4E6-8DEE025DB5E3}.Debug|x64.ActiveCfg = Debug|Any CPU
		{2A3CFC41-F3E8-4C47-B4E6-8DEE025DB5E3}.Debug|x64.Build.0 = Debug|Any CPU
		{2A3CFC41-F3E8-4C47-B4E6-8DEE025DB5E3}.Debug|x86.ActiveCfg = Debug|Any CPU
		{2A3CFC41-F3E8-4C47-B4E6-8DEE025DB5E3}.Debug|x86.Build.0 = Debug|Any CPU
		{2A3CFC41-F3E8-4C47-B4E6-8DEE025DB5E3}.Release|Any CPU.ActiveCfg = Release|Any CPU
		{2A3CFC41-F3E8-4C47-B4E6-8DEE025DB5E3}.Release|Any CPU.Build.0 = Release|Any CPU
		{2A3CFC41-F3E8-4C47-B4E6-8DEE025DB5E3}.Release|x64.ActiveCfg = Release|Any CPU
		{2A3CFC41-F3E8-4C47-B4E6-8DEE025DB5E3}.Release|x64.Build.0 = Release|Any CPU
		{2A3CFC41-F3E8-4C47-B4E6-8DEE025DB5E3}.Release|x86.ActiveCfg = Release|Any CPU
		{2A3CFC41-F3E8-4C47-B4E6-8DEE025DB5E3}.Release|x86.Build.0 = Release|Any CPU
	EndGlobalSection
	GlobalSection(SolutionProperties) = preSolution
		HideSolutionNode = FALSE
	EndGlobalSection
	GlobalSection(ExtensibilityGlobals) = postSolution
		SolutionGuid = {45EF755B-8F46-45A5-A424-E160AFA1CFC3}
	EndGlobalSection
EndGlobal
